PODS:
  - PromiseKit (6.8.4):
    - PromiseKit/CorePromise (= 6.8.4)
    - PromiseKit/Foundation (= 6.8.4)
    - PromiseKit/UIKit (= 6.8.4)
  - PromiseKit/CorePromise (6.8.4)
  - PromiseKit/Foundation (6.8.4):
    - PromiseKit/CorePromise
  - PromiseKit/UIKit (6.8.4):
    - PromiseKit/CorePromise

DEPENDENCIES:
  - PromiseKit

SPEC REPOS:
  https://github.com/cocoapods/specs.git:
    - PromiseKit

SPEC CHECKSUMS:
  PromiseKit: 51794a832647e7b819336dc2279039ce9f1cc49b

PODFILE CHECKSUM: 98788d9484ea261778915c0af4e85c01a0ca309d

COCOAPODS: 1.6.1
