// !$*UTF8*$!
{
	archiveVersion = 1;
	classes = {
	};
	objectVersion = 50;
	objects = {

/* Begin PBXBuildFile section */
		1D39DEFDF0E053EE32F4EF71 /* Pods_ReiwaPuzzleTests.framework in Frameworks */ = {isa = PBXBuildFile; fileRef = D0B533C805BFD037B8799CB2 /* Pods_ReiwaPuzzleTests.framework */; };
		5B8D2DABFFE5912708A69156 /* Pods_ReiwaPuzzle.framework in Frameworks */ = {isa = PBXBuildFile; fileRef = F5CAAD565786A2E5C215BAEB /* Pods_ReiwaPuzzle.framework */; };
		A859D084D6EE81E63ED21DEC /* Pods_ReiwaPuzzleUITests.framework in Frameworks */ = {isa = PBXBuildFile; fileRef = EB92031689FD1D5E7075931C /* Pods_ReiwaPuzzleUITests.framework */; };
		D03C047A2275A9B500899746 /* Copyable.swift in Sources */ = {isa = PBXBuildFile; fileRef = D03C04792275A9B500899746 /* Copyable.swift */; };
		D03C047C22771B6F00899746 /* gengo_data.json in Resources */ = {isa = PBXBuildFile; fileRef = D03C047B22771B6E00899746 /* gengo_data.json */; };
		D03C0480227AB4EF00899746 /* GoogleService-Info.plist in Resources */ = {isa = PBXBuildFile; fileRef = D03C047F227AB4EE00899746 /* GoogleService-Info.plist */; };
		D046BE812258B15C0072731E /* UIColor.swift in Sources */ = {isa = PBXBuildFile; fileRef = D046BE802258B15C0072731E /* UIColor.swift */; };
		D046BE832258C3830072731E /* Array.swift in Sources */ = {isa = PBXBuildFile; fileRef = D046BE822258C3830072731E /* Array.swift */; };
		D0A4C8F22255002B0040BDEC /* AppDelegate.swift in Sources */ = {isa = PBXBuildFile; fileRef = D0A4C8F12255002B0040BDEC /* AppDelegate.swift */; };
		D0A4C8F42255002B0040BDEC /* GameScene.sks in Resources */ = {isa = PBXBuildFile; fileRef = D0A4C8F32255002B0040BDEC /* GameScene.sks */; };
		D0A4C8F62255002B0040BDEC /* Actions.sks in Resources */ = {isa = PBXBuildFile; fileRef = D0A4C8F52255002B0040BDEC /* Actions.sks */; };
		D0A4C8F82255002B0040BDEC /* GameScene.swift in Sources */ = {isa = PBXBuildFile; fileRef = D0A4C8F72255002B0040BDEC /* GameScene.swift */; };
		D0A4C8FA2255002B0040BDEC /* GameViewController.swift in Sources */ = {isa = PBXBuildFile; fileRef = D0A4C8F92255002B0040BDEC /* GameViewController.swift */; };
		D0A4C8FD2255002B0040BDEC /* Main.storyboard in Resources */ = {isa = PBXBuildFile; fileRef = D0A4C8FB2255002B0040BDEC /* Main.storyboard */; };
		D0A4C8FF2255002D0040BDEC /* Assets.xcassets in Resources */ = {isa = PBXBuildFile; fileRef = D0A4C8FE2255002D0040BDEC /* Assets.xcassets */; };
		D0A4C9022255002D0040BDEC /* LaunchScreen.storyboard in Resources */ = {isa = PBXBuildFile; fileRef = D0A4C9002255002D0040BDEC /* LaunchScreen.storyboard */; };
		D0A4C90D2255002E0040BDEC /* gengo_puyoTests.swift in Sources */ = {isa = PBXBuildFile; fileRef = D0A4C90C2255002E0040BDEC /* gengo_puyoTests.swift */; };
		D0A4C9182255002E0040BDEC /* gengo_puyoUITests.swift in Sources */ = {isa = PBXBuildFile; fileRef = D0A4C9172255002E0040BDEC /* gengo_puyoUITests.swift */; };
		D0A4C926225506F10040BDEC /* Puyo.swift in Sources */ = {isa = PBXBuildFile; fileRef = D0A4C925225506F10040BDEC /* Puyo.swift */; };
		D0CBEFB92263166200C8CFA0 /* gengo.txt in Resources */ = {isa = PBXBuildFile; fileRef = D0CBEFB82263166200C8CFA0 /* gengo.txt */; };
		D0CBEFBC22631EA300C8CFA0 /* PuyoBlock.swift in Sources */ = {isa = PBXBuildFile; fileRef = D0CBEFBA22631EA300C8CFA0 /* PuyoBlock.swift */; };
		D0CBEFBD22631EA300C8CFA0 /* PuyoStone.swift in Sources */ = {isa = PBXBuildFile; fileRef = D0CBEFBB22631EA300C8CFA0 /* PuyoStone.swift */; };
/* End PBXBuildFile section */

/* Begin PBXContainerItemProxy section */
		D0A4C9092255002D0040BDEC /* PBXContainerItemProxy */ = {
			isa = PBXContainerItemProxy;
			containerPortal = D0A4C8E62255002B0040BDEC /* Project object */;
			proxyType = 1;
			remoteGlobalIDString = D0A4C8ED2255002B0040BDEC;
			remoteInfo = "gengo-puyo";
		};
		D0A4C9142255002E0040BDEC /* PBXContainerItemProxy */ = {
			isa = PBXContainerItemProxy;
			containerPortal = D0A4C8E62255002B0040BDEC /* Project object */;
			proxyType = 1;
			remoteGlobalIDString = D0A4C8ED2255002B0040BDEC;
			remoteInfo = "gengo-puyo";
		};
/* End PBXContainerItemProxy section */

/* Begin PBXFileReference section */
		016A0D6F324D712809276ABF /* Pods-gengo-puyo.release.xcconfig */ = {isa = PBXFileReference; includeInIndex = 1; lastKnownFileType = text.xcconfig; name = "Pods-gengo-puyo.release.xcconfig"; path = "Target Support Files/Pods-gengo-puyo/Pods-gengo-puyo.release.xcconfig"; sourceTree = "<group>"; };
		0D69C65BECB21F44FA91CCF4 /* Pods_gengo_puyo.framework */ = {isa = PBXFileReference; explicitFileType = wrapper.framework; includeInIndex = 0; path = Pods_gengo_puyo.framework; sourceTree = BUILT_PRODUCTS_DIR; };
		110D5231E3C479B6C71F5D38 /* Pods-ReiwaPuzzleTests.debug.xcconfig */ = {isa = PBXFileReference; includeInIndex = 1; lastKnownFileType = text.xcconfig; name = "Pods-ReiwaPuzzleTests.debug.xcconfig"; path = "Target Support Files/Pods-ReiwaPuzzleTests/Pods-ReiwaPuzzleTests.debug.xcconfig"; sourceTree = "<group>"; };
		144701F2ECC71602187B6E2D /* Pods-ReiwaPuzzleUITests.release.xcconfig */ = {isa = PBXFileReference; includeInIndex = 1; lastKnownFileType = text.xcconfig; name = "Pods-ReiwaPuzzleUITests.release.xcconfig"; path = "Target Support Files/Pods-ReiwaPuzzleUITests/Pods-ReiwaPuzzleUITests.release.xcconfig"; sourceTree = "<group>"; };
		1F174B05F13D3755C4F3DEA7 /* Pods-ReiwaPuzzleUITests.debug.xcconfig */ = {isa = PBXFileReference; includeInIndex = 1; lastKnownFileType = text.xcconfig; name = "Pods-ReiwaPuzzleUITests.debug.xcconfig"; path = "Target Support Files/Pods-ReiwaPuzzleUITests/Pods-ReiwaPuzzleUITests.debug.xcconfig"; sourceTree = "<group>"; };
		643D5A8D7F5829E4167D9B65 /* Pods-ReiwaPuzzle.debug.xcconfig */ = {isa = PBXFileReference; includeInIndex = 1; lastKnownFileType = text.xcconfig; name = "Pods-ReiwaPuzzle.debug.xcconfig"; path = "Target Support Files/Pods-ReiwaPuzzle/Pods-ReiwaPuzzle.debug.xcconfig"; sourceTree = "<group>"; };
		6C00127BD36C19EAF43E56AA /* Pods-gengo-puyo.debug.xcconfig */ = {isa = PBXFileReference; includeInIndex = 1; lastKnownFileType = text.xcconfig; name = "Pods-gengo-puyo.debug.xcconfig"; path = "Target Support Files/Pods-gengo-puyo/Pods-gengo-puyo.debug.xcconfig"; sourceTree = "<group>"; };
		7BBCCCAD8F148644B30D0693 /* Pods-ReiwaPuzzle.release.xcconfig */ = {isa = PBXFileReference; includeInIndex = 1; lastKnownFileType = text.xcconfig; name = "Pods-ReiwaPuzzle.release.xcconfig"; path = "Target Support Files/Pods-ReiwaPuzzle/Pods-ReiwaPuzzle.release.xcconfig"; sourceTree = "<group>"; };
		97E8AAA4BB19836585715261 /* Pods-gengo-puyoTests.release.xcconfig */ = {isa = PBXFileReference; includeInIndex = 1; lastKnownFileType = text.xcconfig; name = "Pods-gengo-puyoTests.release.xcconfig"; path = "Target Support Files/Pods-gengo-puyoTests/Pods-gengo-puyoTests.release.xcconfig"; sourceTree = "<group>"; };
		98CCB854F2765EB0B7DFFF52 /* Pods-gengo-puyoUITests.release.xcconfig */ = {isa = PBXFileReference; includeInIndex = 1; lastKnownFileType = text.xcconfig; name = "Pods-gengo-puyoUITests.release.xcconfig"; path = "Target Support Files/Pods-gengo-puyoUITests/Pods-gengo-puyoUITests.release.xcconfig"; sourceTree = "<group>"; };
		D03C04792275A9B500899746 /* Copyable.swift */ = {isa = PBXFileReference; lastKnownFileType = sourcecode.swift; path = Copyable.swift; sourceTree = "<group>"; };
		D03C047B22771B6E00899746 /* gengo_data.json */ = {isa = PBXFileReference; fileEncoding = 4; lastKnownFileType = text.json; path = gengo_data.json; sourceTree = "<group>"; };
		D03C047F227AB4EE00899746 /* GoogleService-Info.plist */ = {isa = PBXFileReference; fileEncoding = 4; lastKnownFileType = text.plist.xml; name = "GoogleService-Info.plist"; path = "gengo-puyo/GoogleService-Info.plist"; sourceTree = "<group>"; };
		D046BE802258B15C0072731E /* UIColor.swift */ = {isa = PBXFileReference; fileEncoding = 4; lastKnownFileType = sourcecode.swift; path = UIColor.swift; sourceTree = "<group>"; };
		D046BE822258C3830072731E /* Array.swift */ = {isa = PBXFileReference; lastKnownFileType = sourcecode.swift; path = Array.swift; sourceTree = "<group>"; };
		D0A4C8EE2255002B0040BDEC /* ReiwaPuzzle.app */ = {isa = PBXFileReference; explicitFileType = wrapper.application; includeInIndex = 0; path = ReiwaPuzzle.app; sourceTree = BUILT_PRODUCTS_DIR; };
		D0A4C8F12255002B0040BDEC /* AppDelegate.swift */ = {isa = PBXFileReference; lastKnownFileType = sourcecode.swift; path = AppDelegate.swift; sourceTree = "<group>"; };
		D0A4C8F32255002B0040BDEC /* GameScene.sks */ = {isa = PBXFileReference; lastKnownFileType = file.sks; path = GameScene.sks; sourceTree = "<group>"; };
		D0A4C8F52255002B0040BDEC /* Actions.sks */ = {isa = PBXFileReference; lastKnownFileType = file.sks; path = Actions.sks; sourceTree = "<group>"; };
		D0A4C8F72255002B0040BDEC /* GameScene.swift */ = {isa = PBXFileReference; lastKnownFileType = sourcecode.swift; path = GameScene.swift; sourceTree = "<group>"; };
		D0A4C8F92255002B0040BDEC /* GameViewController.swift */ = {isa = PBXFileReference; lastKnownFileType = sourcecode.swift; path = GameViewController.swift; sourceTree = "<group>"; };
		D0A4C8FC2255002B0040BDEC /* Base */ = {isa = PBXFileReference; lastKnownFileType = file.storyboard; name = Base; path = Base.lproj/Main.storyboard; sourceTree = "<group>"; };
		D0A4C8FE2255002D0040BDEC /* Assets.xcassets */ = {isa = PBXFileReference; lastKnownFileType = folder.assetcatalog; path = Assets.xcassets; sourceTree = "<group>"; };
		D0A4C9012255002D0040BDEC /* Base */ = {isa = PBXFileReference; lastKnownFileType = file.storyboard; name = Base; path = Base.lproj/LaunchScreen.storyboard; sourceTree = "<group>"; };
		D0A4C9032255002D0040BDEC /* Info.plist */ = {isa = PBXFileReference; lastKnownFileType = text.plist.xml; path = Info.plist; sourceTree = "<group>"; };
		D0A4C9082255002D0040BDEC /* ReiwaPuzzleTests.xctest */ = {isa = PBXFileReference; explicitFileType = wrapper.cfbundle; includeInIndex = 0; path = ReiwaPuzzleTests.xctest; sourceTree = BUILT_PRODUCTS_DIR; };
		D0A4C90C2255002E0040BDEC /* gengo_puyoTests.swift */ = {isa = PBXFileReference; lastKnownFileType = sourcecode.swift; path = gengo_puyoTests.swift; sourceTree = "<group>"; };
		D0A4C90E2255002E0040BDEC /* Info.plist */ = {isa = PBXFileReference; lastKnownFileType = text.plist.xml; path = Info.plist; sourceTree = "<group>"; };
		D0A4C9132255002E0040BDEC /* ReiwaPuzzleUITests.xctest */ = {isa = PBXFileReference; explicitFileType = wrapper.cfbundle; includeInIndex = 0; path = ReiwaPuzzleUITests.xctest; sourceTree = BUILT_PRODUCTS_DIR; };
		D0A4C9172255002E0040BDEC /* gengo_puyoUITests.swift */ = {isa = PBXFileReference; lastKnownFileType = sourcecode.swift; path = gengo_puyoUITests.swift; sourceTree = "<group>"; };
		D0A4C9192255002E0040BDEC /* Info.plist */ = {isa = PBXFileReference; lastKnownFileType = text.plist.xml; path = Info.plist; sourceTree = "<group>"; };
		D0A4C925225506F10040BDEC /* Puyo.swift */ = {isa = PBXFileReference; lastKnownFileType = sourcecode.swift; path = Puyo.swift; sourceTree = "<group>"; };
		D0B533C805BFD037B8799CB2 /* Pods_ReiwaPuzzleTests.framework */ = {isa = PBXFileReference; explicitFileType = wrapper.framework; includeInIndex = 0; path = Pods_ReiwaPuzzleTests.framework; sourceTree = BUILT_PRODUCTS_DIR; };
		D0CBEFB82263166200C8CFA0 /* gengo.txt */ = {isa = PBXFileReference; fileEncoding = 4; lastKnownFileType = text; path = gengo.txt; sourceTree = "<group>"; };
		D0CBEFBA22631EA300C8CFA0 /* PuyoBlock.swift */ = {isa = PBXFileReference; fileEncoding = 4; lastKnownFileType = sourcecode.swift; path = PuyoBlock.swift; sourceTree = "<group>"; };
		D0CBEFBB22631EA300C8CFA0 /* PuyoStone.swift */ = {isa = PBXFileReference; fileEncoding = 4; lastKnownFileType = sourcecode.swift; path = PuyoStone.swift; sourceTree = "<group>"; };
		D612824EF4056960F0AF3989 /* Pods-gengo-puyoUITests.debug.xcconfig */ = {isa = PBXFileReference; includeInIndex = 1; lastKnownFileType = text.xcconfig; name = "Pods-gengo-puyoUITests.debug.xcconfig"; path = "Target Support Files/Pods-gengo-puyoUITests/Pods-gengo-puyoUITests.debug.xcconfig"; sourceTree = "<group>"; };
		D95E2FE158B33F10E09205EB /* Pods-gengo-puyoTests.debug.xcconfig */ = {isa = PBXFileReference; includeInIndex = 1; lastKnownFileType = text.xcconfig; name = "Pods-gengo-puyoTests.debug.xcconfig"; path = "Target Support Files/Pods-gengo-puyoTests/Pods-gengo-puyoTests.debug.xcconfig"; sourceTree = "<group>"; };
		E726FB1299F351C96C4C3FD2 /* Pods-ReiwaPuzzleTests.release.xcconfig */ = {isa = PBXFileReference; includeInIndex = 1; lastKnownFileType = text.xcconfig; name = "Pods-ReiwaPuzzleTests.release.xcconfig"; path = "Target Support Files/Pods-ReiwaPuzzleTests/Pods-ReiwaPuzzleTests.release.xcconfig"; sourceTree = "<group>"; };
		EB92031689FD1D5E7075931C /* Pods_ReiwaPuzzleUITests.framework */ = {isa = PBXFileReference; explicitFileType = wrapper.framework; includeInIndex = 0; path = Pods_ReiwaPuzzleUITests.framework; sourceTree = BUILT_PRODUCTS_DIR; };
		F5CAAD565786A2E5C215BAEB /* Pods_ReiwaPuzzle.framework */ = {isa = PBXFileReference; explicitFileType = wrapper.framework; includeInIndex = 0; path = Pods_ReiwaPuzzle.framework; sourceTree = BUILT_PRODUCTS_DIR; };
/* End PBXFileReference section */

/* Begin PBXFrameworksBuildPhase section */
		D0A4C8EB2255002B0040BDEC /* Frameworks */ = {
			isa = PBXFrameworksBuildPhase;
			buildActionMask = 2147483647;
			files = (
				5B8D2DABFFE5912708A69156 /* Pods_ReiwaPuzzle.framework in Frameworks */,
			);
			runOnlyForDeploymentPostprocessing = 0;
		};
		D0A4C9052255002D0040BDEC /* Frameworks */ = {
			isa = PBXFrameworksBuildPhase;
			buildActionMask = 2147483647;
			files = (
				1D39DEFDF0E053EE32F4EF71 /* Pods_ReiwaPuzzleTests.framework in Frameworks */,
			);
			runOnlyForDeploymentPostprocessing = 0;
		};
		D0A4C9102255002E0040BDEC /* Frameworks */ = {
			isa = PBXFrameworksBuildPhase;
			buildActionMask = 2147483647;
			files = (
				A859D084D6EE81E63ED21DEC /* Pods_ReiwaPuzzleUITests.framework in Frameworks */,
			);
			runOnlyForDeploymentPostprocessing = 0;
		};
/* End PBXFrameworksBuildPhase section */

/* Begin PBXGroup section */
		90F0046534C1149AD6447F85 /* Frameworks */ = {
			isa = PBXGroup;
			children = (
				0D69C65BECB21F44FA91CCF4 /* Pods_gengo_puyo.framework */,
				F5CAAD565786A2E5C215BAEB /* Pods_ReiwaPuzzle.framework */,
				D0B533C805BFD037B8799CB2 /* Pods_ReiwaPuzzleTests.framework */,
				EB92031689FD1D5E7075931C /* Pods_ReiwaPuzzleUITests.framework */,
			);
			name = Frameworks;
			sourceTree = "<group>";
		};
		93438A54FF49079079DAD9A6 /* Pods */ = {
			isa = PBXGroup;
			children = (
				6C00127BD36C19EAF43E56AA /* Pods-gengo-puyo.debug.xcconfig */,
				016A0D6F324D712809276ABF /* Pods-gengo-puyo.release.xcconfig */,
				D95E2FE158B33F10E09205EB /* Pods-gengo-puyoTests.debug.xcconfig */,
				97E8AAA4BB19836585715261 /* Pods-gengo-puyoTests.release.xcconfig */,
				D612824EF4056960F0AF3989 /* Pods-gengo-puyoUITests.debug.xcconfig */,
				98CCB854F2765EB0B7DFFF52 /* Pods-gengo-puyoUITests.release.xcconfig */,
				643D5A8D7F5829E4167D9B65 /* Pods-ReiwaPuzzle.debug.xcconfig */,
				7BBCCCAD8F148644B30D0693 /* Pods-ReiwaPuzzle.release.xcconfig */,
				110D5231E3C479B6C71F5D38 /* Pods-ReiwaPuzzleTests.debug.xcconfig */,
				E726FB1299F351C96C4C3FD2 /* Pods-ReiwaPuzzleTests.release.xcconfig */,
				1F174B05F13D3755C4F3DEA7 /* Pods-ReiwaPuzzleUITests.debug.xcconfig */,
				144701F2ECC71602187B6E2D /* Pods-ReiwaPuzzleUITests.release.xcconfig */,
			);
			path = Pods;
			sourceTree = "<group>";
		};
		D03C047E22792F4900899746 /* Protocols */ = {
			isa = PBXGroup;
			children = (
				D03C04792275A9B500899746 /* Copyable.swift */,
			);
			path = Protocols;
			sourceTree = "<group>";
		};
		D046BE7F2258B15C0072731E /* Extensions */ = {
			isa = PBXGroup;
			children = (
				D046BE802258B15C0072731E /* UIColor.swift */,
				D046BE822258C3830072731E /* Array.swift */,
			);
			path = Extensions;
			sourceTree = "<group>";
		};
		D0A4C8E52255002B0040BDEC = {
			isa = PBXGroup;
			children = (
				D03C047F227AB4EE00899746 /* GoogleService-Info.plist */,
				D0A4C8F02255002B0040BDEC /* gengo-puyo */,
				D0A4C90B2255002D0040BDEC /* gengo-puyoTests */,
				D0A4C9162255002E0040BDEC /* gengo-puyoUITests */,
				D0A4C8EF2255002B0040BDEC /* Products */,
				93438A54FF49079079DAD9A6 /* Pods */,
				90F0046534C1149AD6447F85 /* Frameworks */,
			);
			sourceTree = "<group>";
		};
		D0A4C8EF2255002B0040BDEC /* Products */ = {
			isa = PBXGroup;
			children = (
				D0A4C8EE2255002B0040BDEC /* ReiwaPuzzle.app */,
				D0A4C9082255002D0040BDEC /* ReiwaPuzzleTests.xctest */,
				D0A4C9132255002E0040BDEC /* ReiwaPuzzleUITests.xctest */,
			);
			name = Products;
			sourceTree = "<group>";
		};
		D0A4C8F02255002B0040BDEC /* gengo-puyo */ = {
			isa = PBXGroup;
			children = (
				D046BE7F2258B15C0072731E /* Extensions */,
				D0A4C8F12255002B0040BDEC /* AppDelegate.swift */,
				D0A4C8F32255002B0040BDEC /* GameScene.sks */,
				D0A4C8F52255002B0040BDEC /* Actions.sks */,
				D0A4C8F72255002B0040BDEC /* GameScene.swift */,
				D03C047B22771B6E00899746 /* gengo_data.json */,
				D0CBEFB82263166200C8CFA0 /* gengo.txt */,
				D0A4C925225506F10040BDEC /* Puyo.swift */,
				D0CBEFBA22631EA300C8CFA0 /* PuyoBlock.swift */,
				D0CBEFBB22631EA300C8CFA0 /* PuyoStone.swift */,
				D0A4C8F92255002B0040BDEC /* GameViewController.swift */,
				D0A4C8FB2255002B0040BDEC /* Main.storyboard */,
				D0A4C8FE2255002D0040BDEC /* Assets.xcassets */,
				D0A4C9002255002D0040BDEC /* LaunchScreen.storyboard */,
				D0A4C9032255002D0040BDEC /* Info.plist */,
				D03C047E22792F4900899746 /* Protocols */,
			);
			path = "gengo-puyo";
			sourceTree = "<group>";
		};
		D0A4C90B2255002D0040BDEC /* gengo-puyoTests */ = {
			isa = PBXGroup;
			children = (
				D0A4C90C2255002E0040BDEC /* gengo_puyoTests.swift */,
				D0A4C90E2255002E0040BDEC /* Info.plist */,
			);
			path = "gengo-puyoTests";
			sourceTree = "<group>";
		};
		D0A4C9162255002E0040BDEC /* gengo-puyoUITests */ = {
			isa = PBXGroup;
			children = (
				D0A4C9172255002E0040BDEC /* gengo_puyoUITests.swift */,
				D0A4C9192255002E0040BDEC /* Info.plist */,
			);
			path = "gengo-puyoUITests";
			sourceTree = "<group>";
		};
/* End PBXGroup section */

/* Begin PBXNativeTarget section */
		D0A4C8ED2255002B0040BDEC /* ReiwaPuzzle */ = {
			isa = PBXNativeTarget;
			buildConfigurationList = D0A4C91C2255002E0040BDEC /* Build configuration list for PBXNativeTarget "ReiwaPuzzle" */;
			buildPhases = (
				4B73120512F4150479358248 /* [CP] Check Pods Manifest.lock */,
				D0A4C8EA2255002B0040BDEC /* Sources */,
				D0A4C8EB2255002B0040BDEC /* Frameworks */,
				D0A4C8EC2255002B0040BDEC /* Resources */,
				ECCE3DCE865EF423B2E37C47 /* [CP] Embed Pods Frameworks */,
			);
			buildRules = (
			);
			dependencies = (
			);
			name = ReiwaPuzzle;
			productName = "gengo-puyo";
			productReference = D0A4C8EE2255002B0040BDEC /* ReiwaPuzzle.app */;
			productType = "com.apple.product-type.application";
		};
		D0A4C9072255002D0040BDEC /* ReiwaPuzzleTests */ = {
			isa = PBXNativeTarget;
			buildConfigurationList = D0A4C91F2255002E0040BDEC /* Build configuration list for PBXNativeTarget "ReiwaPuzzleTests" */;
			buildPhases = (
				329C91467E39CC0BD8AD1D3D /* [CP] Check Pods Manifest.lock */,
				D0A4C9042255002D0040BDEC /* Sources */,
				D0A4C9052255002D0040BDEC /* Frameworks */,
				D0A4C9062255002D0040BDEC /* Resources */,
			);
			buildRules = (
			);
			dependencies = (
				D0A4C90A2255002D0040BDEC /* PBXTargetDependency */,
			);
			name = ReiwaPuzzleTests;
			productName = "gengo-puyoTests";
			productReference = D0A4C9082255002D0040BDEC /* ReiwaPuzzleTests.xctest */;
			productType = "com.apple.product-type.bundle.unit-test";
		};
		D0A4C9122255002E0040BDEC /* ReiwaPuzzleUITests */ = {
			isa = PBXNativeTarget;
			buildConfigurationList = D0A4C9222255002E0040BDEC /* Build configuration list for PBXNativeTarget "ReiwaPuzzleUITests" */;
			buildPhases = (
				A8C769B46E24F8F5BE380D16 /* [CP] Check Pods Manifest.lock */,
				D0A4C90F2255002E0040BDEC /* Sources */,
				D0A4C9102255002E0040BDEC /* Frameworks */,
				D0A4C9112255002E0040BDEC /* Resources */,
			);
			buildRules = (
			);
			dependencies = (
				D0A4C9152255002E0040BDEC /* PBXTargetDependency */,
			);
			name = ReiwaPuzzleUITests;
			productName = "gengo-puyoUITests";
			productReference = D0A4C9132255002E0040BDEC /* ReiwaPuzzleUITests.xctest */;
			productType = "com.apple.product-type.bundle.ui-testing";
		};
/* End PBXNativeTarget section */

/* Begin PBXProject section */
		D0A4C8E62255002B0040BDEC /* Project object */ = {
			isa = PBXProject;
			attributes = {
				LastSwiftUpdateCheck = 1020;
				LastUpgradeCheck = 1020;
				ORGANIZATIONNAME = "motoki-shun";
				TargetAttributes = {
					D0A4C8ED2255002B0040BDEC = {
						CreatedOnToolsVersion = 10.2;
					};
					D0A4C9072255002D0040BDEC = {
						CreatedOnToolsVersion = 10.2;
						TestTargetID = D0A4C8ED2255002B0040BDEC;
					};
					D0A4C9122255002E0040BDEC = {
						CreatedOnToolsVersion = 10.2;
						TestTargetID = D0A4C8ED2255002B0040BDEC;
					};
				};
			};
			buildConfigurationList = D0A4C8E92255002B0040BDEC /* Build configuration list for PBXProject "ReiwaPuzzle" */;
			compatibilityVersion = "Xcode 9.3";
			developmentRegion = en;
			hasScannedForEncodings = 0;
			knownRegions = (
				en,
				Base,
			);
			mainGroup = D0A4C8E52255002B0040BDEC;
			productRefGroup = D0A4C8EF2255002B0040BDEC /* Products */;
			projectDirPath = "";
			projectRoot = "";
			targets = (
				D0A4C8ED2255002B0040BDEC /* ReiwaPuzzle */,
				D0A4C9072255002D0040BDEC /* ReiwaPuzzleTests */,
				D0A4C9122255002E0040BDEC /* ReiwaPuzzleUITests */,
			);
		};
/* End PBXProject section */

/* Begin PBXResourcesBuildPhase section */
		D0A4C8EC2255002B0040BDEC /* Resources */ = {
			isa = PBXResourcesBuildPhase;
			buildActionMask = 2147483647;
			files = (
				D0A4C8FD2255002B0040BDEC /* Main.storyboard in Resources */,
				D03C0480227AB4EF00899746 /* GoogleService-Info.plist in Resources */,
				D0CBEFB92263166200C8CFA0 /* gengo.txt in Resources */,
				D03C047C22771B6F00899746 /* gengo_data.json in Resources */,
				D0A4C8F42255002B0040BDEC /* GameScene.sks in Resources */,
				D0A4C8FF2255002D0040BDEC /* Assets.xcassets in Resources */,
				D0A4C9022255002D0040BDEC /* LaunchScreen.storyboard in Resources */,
				D0A4C8F62255002B0040BDEC /* Actions.sks in Resources */,
			);
			runOnlyForDeploymentPostprocessing = 0;
		};
		D0A4C9062255002D0040BDEC /* Resources */ = {
			isa = PBXResourcesBuildPhase;
			buildActionMask = 2147483647;
			files = (
			);
			runOnlyForDeploymentPostprocessing = 0;
		};
		D0A4C9112255002E0040BDEC /* Resources */ = {
			isa = PBXResourcesBuildPhase;
			buildActionMask = 2147483647;
			files = (
			);
			runOnlyForDeploymentPostprocessing = 0;
		};
/* End PBXResourcesBuildPhase section */

/* Begin PBXShellScriptBuildPhase section */
		329C91467E39CC0BD8AD1D3D /* [CP] Check Pods Manifest.lock */ = {
			isa = PBXShellScriptBuildPhase;
			buildActionMask = 2147483647;
			files = (
			);
			inputFileListPaths = (
			);
			inputPaths = (
				"${PODS_PODFILE_DIR_PATH}/Podfile.lock",
				"${PODS_ROOT}/Manifest.lock",
			);
			name = "[CP] Check Pods Manifest.lock";
			outputFileListPaths = (
			);
			outputPaths = (
				"$(DERIVED_FILE_DIR)/Pods-ReiwaPuzzleTests-checkManifestLockResult.txt",
			);
			runOnlyForDeploymentPostprocessing = 0;
			shellPath = /bin/sh;
			shellScript = "diff \"${PODS_PODFILE_DIR_PATH}/Podfile.lock\" \"${PODS_ROOT}/Manifest.lock\" > /dev/null\nif [ $? != 0 ] ; then\n    # print error to STDERR\n    echo \"error: The sandbox is not in sync with the Podfile.lock. Run 'pod install' or update your CocoaPods installation.\" >&2\n    exit 1\nfi\n# This output is used by Xcode 'outputs' to avoid re-running this script phase.\necho \"SUCCESS\" > \"${SCRIPT_OUTPUT_FILE_0}\"\n";
			showEnvVarsInLog = 0;
		};
		4B73120512F4150479358248 /* [CP] Check Pods Manifest.lock */ = {
			isa = PBXShellScriptBuildPhase;
			buildActionMask = 2147483647;
			files = (
			);
			inputFileListPaths = (
			);
			inputPaths = (
				"${PODS_PODFILE_DIR_PATH}/Podfile.lock",
				"${PODS_ROOT}/Manifest.lock",
			);
			name = "[CP] Check Pods Manifest.lock";
			outputFileListPaths = (
			);
			outputPaths = (
				"$(DERIVED_FILE_DIR)/Pods-ReiwaPuzzle-checkManifestLockResult.txt",
			);
			runOnlyForDeploymentPostprocessing = 0;
			shellPath = /bin/sh;
			shellScript = "diff \"${PODS_PODFILE_DIR_PATH}/Podfile.lock\" \"${PODS_ROOT}/Manifest.lock\" > /dev/null\nif [ $? != 0 ] ; then\n    # print error to STDERR\n    echo \"error: The sandbox is not in sync with the Podfile.lock. Run 'pod install' or update your CocoaPods installation.\" >&2\n    exit 1\nfi\n# This output is used by Xcode 'outputs' to avoid re-running this script phase.\necho \"SUCCESS\" > \"${SCRIPT_OUTPUT_FILE_0}\"\n";
			showEnvVarsInLog = 0;
		};
		A8C769B46E24F8F5BE380D16 /* [CP] Check Pods Manifest.lock */ = {
			isa = PBXShellScriptBuildPhase;
			buildActionMask = 2147483647;
			files = (
			);
			inputFileListPaths = (
			);
			inputPaths = (
				"${PODS_PODFILE_DIR_PATH}/Podfile.lock",
				"${PODS_ROOT}/Manifest.lock",
			);
			name = "[CP] Check Pods Manifest.lock";
			outputFileListPaths = (
			);
			outputPaths = (
				"$(DERIVED_FILE_DIR)/Pods-ReiwaPuzzleUITests-checkManifestLockResult.txt",
			);
			runOnlyForDeploymentPostprocessing = 0;
			shellPath = /bin/sh;
			shellScript = "diff \"${PODS_PODFILE_DIR_PATH}/Podfile.lock\" \"${PODS_ROOT}/Manifest.lock\" > /dev/null\nif [ $? != 0 ] ; then\n    # print error to STDERR\n    echo \"error: The sandbox is not in sync with the Podfile.lock. Run 'pod install' or update your CocoaPods installation.\" >&2\n    exit 1\nfi\n# This output is used by Xcode 'outputs' to avoid re-running this script phase.\necho \"SUCCESS\" > \"${SCRIPT_OUTPUT_FILE_0}\"\n";
			showEnvVarsInLog = 0;
		};
		ECCE3DCE865EF423B2E37C47 /* [CP] Embed Pods Frameworks */ = {
			isa = PBXShellScriptBuildPhase;
			buildActionMask = 2147483647;
			files = (
			);
			inputFileListPaths = (
				"${PODS_ROOT}/Target Support Files/Pods-ReiwaPuzzle/Pods-ReiwaPuzzle-frameworks-${CONFIGURATION}-input-files.xcfilelist",
			);
			name = "[CP] Embed Pods Frameworks";
			outputFileListPaths = (
				"${PODS_ROOT}/Target Support Files/Pods-ReiwaPuzzle/Pods-ReiwaPuzzle-frameworks-${CONFIGURATION}-output-files.xcfilelist",
			);
			runOnlyForDeploymentPostprocessing = 0;
			shellPath = /bin/sh;
			shellScript = "\"${PODS_ROOT}/Target Support Files/Pods-ReiwaPuzzle/Pods-ReiwaPuzzle-frameworks.sh\"\n";
			showEnvVarsInLog = 0;
		};
/* End PBXShellScriptBuildPhase section */

/* Begin PBXSourcesBuildPhase section */
		D0A4C8EA2255002B0040BDEC /* Sources */ = {
			isa = PBXSourcesBuildPhase;
			buildActionMask = 2147483647;
			files = (
				D0CBEFBD22631EA300C8CFA0 /* PuyoStone.swift in Sources */,
				D03C047A2275A9B500899746 /* Copyable.swift in Sources */,
				D0CBEFBC22631EA300C8CFA0 /* PuyoBlock.swift in Sources */,
				D0A4C8F82255002B0040BDEC /* GameScene.swift in Sources */,
				D0A4C8FA2255002B0040BDEC /* GameViewController.swift in Sources */,
				D0A4C926225506F10040BDEC /* Puyo.swift in Sources */,
				D046BE832258C3830072731E /* Array.swift in Sources */,
				D0A4C8F22255002B0040BDEC /* AppDelegate.swift in Sources */,
				D046BE812258B15C0072731E /* UIColor.swift in Sources */,
			);
			runOnlyForDeploymentPostprocessing = 0;
		};
		D0A4C9042255002D0040BDEC /* Sources */ = {
			isa = PBXSourcesBuildPhase;
			buildActionMask = 2147483647;
			files = (
				D0A4C90D2255002E0040BDEC /* gengo_puyoTests.swift in Sources */,
			);
			runOnlyForDeploymentPostprocessing = 0;
		};
		D0A4C90F2255002E0040BDEC /* Sources */ = {
			isa = PBXSourcesBuildPhase;
			buildActionMask = 2147483647;
			files = (
				D0A4C9182255002E0040BDEC /* gengo_puyoUITests.swift in Sources */,
			);
			runOnlyForDeploymentPostprocessing = 0;
		};
/* End PBXSourcesBuildPhase section */

/* Begin PBXTargetDependency section */
		D0A4C90A2255002D0040BDEC /* PBXTargetDependency */ = {
			isa = PBXTargetDependency;
			target = D0A4C8ED2255002B0040BDEC /* ReiwaPuzzle */;
			targetProxy = D0A4C9092255002D0040BDEC /* PBXContainerItemProxy */;
		};
		D0A4C9152255002E0040BDEC /* PBXTargetDependency */ = {
			isa = PBXTargetDependency;
			target = D0A4C8ED2255002B0040BDEC /* ReiwaPuzzle */;
			targetProxy = D0A4C9142255002E0040BDEC /* PBXContainerItemProxy */;
		};
/* End PBXTargetDependency section */

/* Begin PBXVariantGroup section */
		D0A4C8FB2255002B0040BDEC /* Main.storyboard */ = {
			isa = PBXVariantGroup;
			children = (
				D0A4C8FC2255002B0040BDEC /* Base */,
			);
			name = Main.storyboard;
			sourceTree = "<group>";
		};
		D0A4C9002255002D0040BDEC /* LaunchScreen.storyboard */ = {
			isa = PBXVariantGroup;
			children = (
				D0A4C9012255002D0040BDEC /* Base */,
			);
			name = LaunchScreen.storyboard;
			sourceTree = "<group>";
		};
/* End PBXVariantGroup section */

/* Begin XCBuildConfiguration section */
		D0A4C91A2255002E0040BDEC /* Debug */ = {
			isa = XCBuildConfiguration;
			buildSettings = {
				ALWAYS_SEARCH_USER_PATHS = NO;
				CLANG_ANALYZER_NONNULL = YES;
				CLANG_ANALYZER_NUMBER_OBJECT_CONVERSION = YES_AGGRESSIVE;
				CLANG_CXX_LANGUAGE_STANDARD = "gnu++14";
				CLANG_CXX_LIBRARY = "libc++";
				CLANG_ENABLE_MODULES = YES;
				CLANG_ENABLE_OBJC_ARC = YES;
				CLANG_ENABLE_OBJC_WEAK = YES;
				CLANG_WARN_BLOCK_CAPTURE_AUTORELEASING = YES;
				CLANG_WARN_BOOL_CONVERSION = YES;
				CLANG_WARN_COMMA = YES;
				CLANG_WARN_CONSTANT_CONVERSION = YES;
				CLANG_WARN_DEPRECATED_OBJC_IMPLEMENTATIONS = YES;
				CLANG_WARN_DIRECT_OBJC_ISA_USAGE = YES_ERROR;
				CLANG_WARN_DOCUMENTATION_COMMENTS = YES;
				CLANG_WARN_EMPTY_BODY = YES;
				CLANG_WARN_ENUM_CONVERSION = YES;
				CLANG_WARN_INFINITE_RECURSION = YES;
				CLANG_WARN_INT_CONVERSION = YES;
				CLANG_WARN_NON_LITERAL_NULL_CONVERSION = YES;
				CLANG_WARN_OBJC_IMPLICIT_RETAIN_SELF = YES;
				CLANG_WARN_OBJC_LITERAL_CONVERSION = YES;
				CLANG_WARN_OBJC_ROOT_CLASS = YES_ERROR;
				CLANG_WARN_RANGE_LOOP_ANALYSIS = YES;
				CLANG_WARN_STRICT_PROTOTYPES = YES;
				CLANG_WARN_SUSPICIOUS_MOVE = YES;
				CLANG_WARN_UNGUARDED_AVAILABILITY = YES_AGGRESSIVE;
				CLANG_WARN_UNREACHABLE_CODE = YES;
				CLANG_WARN__DUPLICATE_METHOD_MATCH = YES;
				CODE_SIGN_IDENTITY = "iPhone Developer";
				COPY_PHASE_STRIP = NO;
				DEBUG_INFORMATION_FORMAT = dwarf;
				ENABLE_STRICT_OBJC_MSGSEND = YES;
				ENABLE_TESTABILITY = YES;
				GCC_C_LANGUAGE_STANDARD = gnu11;
				GCC_DYNAMIC_NO_PIC = NO;
				GCC_NO_COMMON_BLOCKS = YES;
				GCC_OPTIMIZATION_LEVEL = 0;
				GCC_PREPROCESSOR_DEFINITIONS = (
					"DEBUG=1",
					"$(inherited)",
				);
				GCC_WARN_64_TO_32_BIT_CONVERSION = YES;
				GCC_WARN_ABOUT_RETURN_TYPE = YES_ERROR;
				GCC_WARN_UNDECLARED_SELECTOR = YES;
				GCC_WARN_UNINITIALIZED_AUTOS = YES_AGGRESSIVE;
				GCC_WARN_UNUSED_FUNCTION = YES;
				GCC_WARN_UNUSED_VARIABLE = YES;
				IPHONEOS_DEPLOYMENT_TARGET = 11.0;
				MTL_ENABLE_DEBUG_INFO = INCLUDE_SOURCE;
				MTL_FAST_MATH = YES;
				ONLY_ACTIVE_ARCH = YES;
				OTHER_SWIFT_FLAGS = "-D DEBUG";
				SDKROOT = iphoneos;
				SWIFT_ACTIVE_COMPILATION_CONDITIONS = DEBUG;
				SWIFT_OPTIMIZATION_LEVEL = "-Onone";
			};
			name = Debug;
		};
		D0A4C91B2255002E0040BDEC /* Release */ = {
			isa = XCBuildConfiguration;
			buildSettings = {
				ALWAYS_SEARCH_USER_PATHS = NO;
				CLANG_ANALYZER_NONNULL = YES;
				CLANG_ANALYZER_NUMBER_OBJECT_CONVERSION = YES_AGGRESSIVE;
				CLANG_CXX_LANGUAGE_STANDARD = "gnu++14";
				CLANG_CXX_LIBRARY = "libc++";
				CLANG_ENABLE_MODULES = YES;
				CLANG_ENABLE_OBJC_ARC = YES;
				CLANG_ENABLE_OBJC_WEAK = YES;
				CLANG_WARN_BLOCK_CAPTURE_AUTORELEASING = YES;
				CLANG_WARN_BOOL_CONVERSION = YES;
				CLANG_WARN_COMMA = YES;
				CLANG_WARN_CONSTANT_CONVERSION = YES;
				CLANG_WARN_DEPRECATED_OBJC_IMPLEMENTATIONS = YES;
				CLANG_WARN_DIRECT_OBJC_ISA_USAGE = YES_ERROR;
				CLANG_WARN_DOCUMENTATION_COMMENTS = YES;
				CLANG_WARN_EMPTY_BODY = YES;
				CLANG_WARN_ENUM_CONVERSION = YES;
				CLANG_WARN_INFINITE_RECURSION = YES;
				CLANG_WARN_INT_CONVERSION = YES;
				CLANG_WARN_NON_LITERAL_NULL_CONVERSION = YES;
				CLANG_WARN_OBJC_IMPLICIT_RETAIN_SELF = YES;
				CLANG_WARN_OBJC_LITERAL_CONVERSION = YES;
				CLANG_WARN_OBJC_ROOT_CLASS = YES_ERROR;
				CLANG_WARN_RANGE_LOOP_ANALYSIS = YES;
				CLANG_WARN_STRICT_PROTOTYPES = YES;
				CLANG_WARN_SUSPICIOUS_MOVE = YES;
				CLANG_WARN_UNGUARDED_AVAILABILITY = YES_AGGRESSIVE;
				CLANG_WARN_UNREACHABLE_CODE = YES;
				CLANG_WARN__DUPLICATE_METHOD_MATCH = YES;
				CODE_SIGN_IDENTITY = "iPhone Developer";
				COPY_PHASE_STRIP = NO;
				DEBUG_INFORMATION_FORMAT = "dwarf-with-dsym";
				ENABLE_NS_ASSERTIONS = NO;
				ENABLE_STRICT_OBJC_MSGSEND = YES;
				GCC_C_LANGUAGE_STANDARD = gnu11;
				GCC_NO_COMMON_BLOCKS = YES;
				GCC_WARN_64_TO_32_BIT_CONVERSION = YES;
				GCC_WARN_ABOUT_RETURN_TYPE = YES_ERROR;
				GCC_WARN_UNDECLARED_SELECTOR = YES;
				GCC_WARN_UNINITIALIZED_AUTOS = YES_AGGRESSIVE;
				GCC_WARN_UNUSED_FUNCTION = YES;
				GCC_WARN_UNUSED_VARIABLE = YES;
				IPHONEOS_DEPLOYMENT_TARGET = 11.0;
				MTL_ENABLE_DEBUG_INFO = NO;
				MTL_FAST_MATH = YES;
				SDKROOT = iphoneos;
				SWIFT_COMPILATION_MODE = wholemodule;
				SWIFT_OPTIMIZATION_LEVEL = "-O";
				VALIDATE_PRODUCT = YES;
			};
			name = Release;
		};
		D0A4C91D2255002E0040BDEC /* Debug */ = {
			isa = XCBuildConfiguration;
			baseConfigurationReference = 643D5A8D7F5829E4167D9B65 /* Pods-ReiwaPuzzle.debug.xcconfig */;
			buildSettings = {
				ASSETCATALOG_COMPILER_APPICON_NAME = AppIcon;
				CODE_SIGN_STYLE = Automatic;
				DEVELOPMENT_TEAM = AH597F32W5;
				INFOPLIST_FILE = "gengo-puyo/Info.plist";
				LD_RUNPATH_SEARCH_PATHS = (
					"$(inherited)",
					"@executable_path/Frameworks",
				);
				PRODUCT_BUNDLE_IDENTIFIER = com.shuuuuun.ReiwaPuzzle.debug;
				PRODUCT_NAME = "$(TARGET_NAME)";
				SWIFT_VERSION = 5.0;
				TARGETED_DEVICE_FAMILY = "1,2";
			};
			name = Debug;
		};
		D0A4C91E2255002E0040BDEC /* Release */ = {
			isa = XCBuildConfiguration;
			baseConfigurationReference = 7BBCCCAD8F148644B30D0693 /* Pods-ReiwaPuzzle.release.xcconfig */;
			buildSettings = {
				ASSETCATALOG_COMPILER_APPICON_NAME = AppIcon;
				CODE_SIGN_STYLE = Automatic;
				DEVELOPMENT_TEAM = AH597F32W5;
				INFOPLIST_FILE = "gengo-puyo/Info.plist";
				LD_RUNPATH_SEARCH_PATHS = (
					"$(inherited)",
					"@executable_path/Frameworks",
				);
				PRODUCT_BUNDLE_IDENTIFIER = com.shuuuuun.ReiwaPuzzle;
				PRODUCT_NAME = "$(TARGET_NAME)";
				SWIFT_VERSION = 5.0;
				TARGETED_DEVICE_FAMILY = "1,2";
			};
			name = Release;
		};
		D0A4C9202255002E0040BDEC /* Debug */ = {
			isa = XCBuildConfiguration;
			baseConfigurationReference = 110D5231E3C479B6C71F5D38 /* Pods-ReiwaPuzzleTests.debug.xcconfig */;
			buildSettings = {
				ALWAYS_EMBED_SWIFT_STANDARD_LIBRARIES = YES;
				BUNDLE_LOADER = "$(TEST_HOST)";
				CODE_SIGN_STYLE = Automatic;
				DEVELOPMENT_TEAM = AH597F32W5;
				INFOPLIST_FILE = "gengo-puyoTests/Info.plist";
				LD_RUNPATH_SEARCH_PATHS = (
					"$(inherited)",
					"@executable_path/Frameworks",
					"@loader_path/Frameworks",
				);
				PRODUCT_BUNDLE_IDENTIFIER = com.shuuuuun.ReiwaPuzzleTests;
				PRODUCT_NAME = "$(TARGET_NAME)";
				SWIFT_VERSION = 5.0;
				TARGETED_DEVICE_FAMILY = "1,2";
				TEST_HOST = "$(BUILT_PRODUCTS_DIR)/ReiwaPuzzle.app/ReiwaPuzzle";
			};
			name = Debug;
		};
		D0A4C9212255002E0040BDEC /* Release */ = {
			isa = XCBuildConfiguration;
			baseConfigurationReference = E726FB1299F351C96C4C3FD2 /* Pods-ReiwaPuzzleTests.release.xcconfig */;
			buildSettings = {
				ALWAYS_EMBED_SWIFT_STANDARD_LIBRARIES = YES;
				BUNDLE_LOADER = "$(TEST_HOST)";
				CODE_SIGN_STYLE = Automatic;
				DEVELOPMENT_TEAM = AH597F32W5;
				INFOPLIST_FILE = "gengo-puyoTests/Info.plist";
				LD_RUNPATH_SEARCH_PATHS = (
					"$(inherited)",
					"@executable_path/Frameworks",
					"@loader_path/Frameworks",
				);
				PRODUCT_BUNDLE_IDENTIFIER = com.shuuuuun.ReiwaPuzzleTests;
				PRODUCT_NAME = "$(TARGET_NAME)";
				SWIFT_VERSION = 5.0;
				TARGETED_DEVICE_FAMILY = "1,2";
				TEST_HOST = "$(BUILT_PRODUCTS_DIR)/ReiwaPuzzle.app/ReiwaPuzzle";
			};
			name = Release;
		};
		D0A4C9232255002E0040BDEC /* Debug */ = {
			isa = XCBuildConfiguration;
			baseConfigurationReference = 1F174B05F13D3755C4F3DEA7 /* Pods-ReiwaPuzzleUITests.debug.xcconfig */;
			buildSettings = {
				ALWAYS_EMBED_SWIFT_STANDARD_LIBRARIES = YES;
				CODE_SIGN_STYLE = Automatic;
				DEVELOPMENT_TEAM = AH597F32W5;
				INFOPLIST_FILE = "gengo-puyoUITests/Info.plist";
				LD_RUNPATH_SEARCH_PATHS = (
					"$(inherited)",
					"@executable_path/Frameworks",
					"@loader_path/Frameworks",
				);
				PRODUCT_BUNDLE_IDENTIFIER = com.shuuuuun.ReiwaPuzzleUITests;
				PRODUCT_NAME = "$(TARGET_NAME)";
				SWIFT_VERSION = 5.0;
				TARGETED_DEVICE_FAMILY = "1,2";
				TEST_TARGET_NAME = "gengo-puyo";
			};
			name = Debug;
		};
		D0A4C9242255002E0040BDEC /* Release */ = {
			isa = XCBuildConfiguration;
			baseConfigurationReference = 144701F2ECC71602187B6E2D /* Pods-ReiwaPuzzleUITests.release.xcconfig */;
			buildSettings = {
				ALWAYS_EMBED_SWIFT_STANDARD_LIBRARIES = YES;
				CODE_SIGN_STYLE = Automatic;
				DEVELOPMENT_TEAM = AH597F32W5;
				INFOPLIST_FILE = "gengo-puyoUITests/Info.plist";
				LD_RUNPATH_SEARCH_PATHS = (
					"$(inherited)",
					"@executable_path/Frameworks",
					"@loader_path/Frameworks",
				);
				PRODUCT_BUNDLE_IDENTIFIER = com.shuuuuun.ReiwaPuzzleUITests;
				PRODUCT_NAME = "$(TARGET_NAME)";
				SWIFT_VERSION = 5.0;
				TARGETED_DEVICE_FAMILY = "1,2";
				TEST_TARGET_NAME = "gengo-puyo";
			};
			name = Release;
		};
/* End XCBuildConfiguration section */

/* Begin XCConfigurationList section */
		D0A4C8E92255002B0040BDEC /* Build configuration list for PBXProject "ReiwaPuzzle" */ = {
			isa = XCConfigurationList;
			buildConfigurations = (
				D0A4C91A2255002E0040BDEC /* Debug */,
				D0A4C91B2255002E0040BDEC /* Release */,
			);
			defaultConfigurationIsVisible = 0;
			defaultConfigurationName = Release;
		};
		D0A4C91C2255002E0040BDEC /* Build configuration list for PBXNativeTarget "ReiwaPuzzle" */ = {
			isa = XCConfigurationList;
			buildConfigurations = (
				D0A4C91D2255002E0040BDEC /* Debug */,
				D0A4C91E2255002E0040BDEC /* Release */,
			);
			defaultConfigurationIsVisible = 0;
			defaultConfigurationName = Release;
		};
		D0A4C91F2255002E0040BDEC /* Build configuration list for PBXNativeTarget "ReiwaPuzzleTests" */ = {
			isa = XCConfigurationList;
			buildConfigurations = (
				D0A4C9202255002E0040BDEC /* Debug */,
				D0A4C9212255002E0040BDEC /* Release */,
			);
			defaultConfigurationIsVisible = 0;
			defaultConfigurationName = Release;
		};
		D0A4C9222255002E0040BDEC /* Build configuration list for PBXNativeTarget "ReiwaPuzzleUITests" */ = {
			isa = XCConfigurationList;
			buildConfigurations = (
				D0A4C9232255002E0040BDEC /* Debug */,
				D0A4C9242255002E0040BDEC /* Release */,
			);
			defaultConfigurationIsVisible = 0;
			defaultConfigurationName = Release;
		};
/* End XCConfigurationList section */
	};
	rootObject = D0A4C8E62255002B0040BDEC /* Project object */;
}
